
Microsoft Visual Studio Solution File, Format Version 12.00
# Visual Studio 15
VisualStudioVersion = 15.0.28010.2003
MinimumVisualStudioVersion = 10.0.40219.1
Project("{8BC9CEB8-8B4A-11D0-8D11-00A0C91BC942}") = "Demo 7 - Pass by Address", "Demo 7 - Pass by Address\Demo 7 - Pass by Address.vcxproj", "{F7558172-7615-4CB9-9A5B-DF274B904673}"
EndProject
Global
	GlobalSection(SolutionConfigurationPlatforms) = preSolution
		Debug|x64 = Debug|x64
		Debug|x86 = Debug|x86
		Release|x64 = Release|x64
		Release|x86 = Release|x86
	EndGlobalSection
	GlobalSection(ProjectConfigurationPlatforms) = postSolution
		{F7558172-7615-4CB9-9A5B-DF274B904673}.Debug|x64.ActiveCfg = Debug|x64
		{F7558172-7615-4CB9-9A5B-DF274B904673}.Debug|x64.Build.0 = Debug|x64
		{F7558172-7615-4CB9-9A5B-DF274B904673}.Debug|x86.ActiveCfg = Debug|Win32
		{F7558172-7615-4CB9-9A5B-DF274B904673}.Debug|x86.Build.0 = Debug|Win32
		{F7558172-7615-4CB9-9A5B-DF274B904673}.Release|x64.ActiveCfg = Release|x64
		{F7558172-7615-4CB9-9A5B-DF274B904673}.Release|x64.Build.0 = Release|x64
		{F7558172-7615-4CB9-9A5B-DF274B904673}.Release|x86.ActiveCfg = Release|Win32
		{F7558172-7615-4CB9-9A5B-DF274B904673}.Release|x86.Build.0 = Release|Win32
	EndGlobalSection
	GlobalSection(SolutionProperties) = preSolution
		HideSolutionNode = FALSE
	EndGlobalSection
	GlobalSection(ExtensibilityGlobals) = postSolution
		SolutionGuid = {88DFAEEE-B7F5-4FB8-A5BD-7CFA9B6C01B4}
	EndGlobalSection
EndGlobal
